
Microsoft Visual Studio Solution File, Format Version 12.00
# Visual Studio Version 17
VisualStudioVersion = 17.14.36414.22
MinimumVisualStudioVersion = 10.0.40219.1
Project("{FAE04EC0-301F-11D3-BF4B-00C04F79EFBC}") = "RPGPOO", "RPGPOO\RPGPOO.csproj", "{C78A14FC-EA48-4BC2-A854-54B1AB289E2E}"
EndProject
Project("{FAE04EC0-301F-11D3-BF4B-00C04F79EFBC}") = "FightEngine", "FightEngine\FightEngine.csproj", "{FE018E0D-80D0-47A4-A8F3-09F7A9EA772D}"
EndProject
Project("{FAE04EC0-301F-11D3-BF4B-00C04F79EFBC}") = "EntityEngine", "InventoryEngine\EntityEngine.csproj", "{BA5A3DDA-7B87-4DCC-942A-19BDAD921F13}"
EndProject
Project("{FAE04EC0-301F-11D3-BF4B-00C04F79EFBC}") = "TestFightEngine", "TestFightEngine\TestFightEngine.csproj", "{AC849495-A3C3-4310-BF6D-CD7257E84BF5}"
EndProject
Global
	GlobalSection(SolutionConfigurationPlatforms) = preSolution
		Debug|Any CPU = Debug|Any CPU
		Release|Any CPU = Release|Any CPU
	EndGlobalSection
	GlobalSection(ProjectConfigurationPlatforms) = postSolution
		{C78A14FC-EA48-4BC2-A854-54B1AB289E2E}.Debug|Any CPU.ActiveCfg = Debug|Any CPU
		{C78A14FC-EA48-4BC2-A854-54B1AB289E2E}.Debug|Any CPU.Build.0 = Debug|Any CPU
		{C78A14FC-EA48-4BC2-A854-54B1AB289E2E}.Release|Any CPU.ActiveCfg = Release|Any CPU
		{C78A14FC-EA48-4BC2-A854-54B1AB289E2E}.Release|Any CPU.Build.0 = Release|Any CPU
		{FE018E0D-80D0-47A4-A8F3-09F7A9EA772D}.Debug|Any CPU.ActiveCfg = Debug|Any CPU
		{FE018E0D-80D0-47A4-A8F3-09F7A9EA772D}.Debug|Any CPU.Build.0 = Debug|Any CPU
		{FE018E0D-80D0-47A4-A8F3-09F7A9EA772D}.Release|Any CPU.ActiveCfg = Release|Any CPU
		{FE018E0D-80D0-47A4-A8F3-09F7A9EA772D}.Release|Any CPU.Build.0 = Release|Any CPU
		{BA5A3DDA-7B87-4DCC-942A-19BDAD921F13}.Debug|Any CPU.ActiveCfg = Debug|Any CPU
		{BA5A3DDA-7B87-4DCC-942A-19BDAD921F13}.Debug|Any CPU.Build.0 = Debug|Any CPU
		{BA5A3DDA-7B87-4DCC-942A-19BDAD921F13}.Release|Any CPU.ActiveCfg = Release|Any CPU
		{BA5A3DDA-7B87-4DCC-942A-19BDAD921F13}.Release|Any CPU.Build.0 = Release|Any CPU
		{AC849495-A3C3-4310-BF6D-CD7257E84BF5}.Debug|Any CPU.ActiveCfg = Debug|Any CPU
		{AC849495-A3C3-4310-BF6D-CD7257E84BF5}.Debug|Any CPU.Build.0 = Debug|Any CPU
		{AC849495-A3C3-4310-BF6D-CD7257E84BF5}.Release|Any CPU.ActiveCfg = Release|Any CPU
		{AC849495-A3C3-4310-BF6D-CD7257E84BF5}.Release|Any CPU.Build.0 = Release|Any CPU
	EndGlobalSection
	GlobalSection(SolutionProperties) = preSolution
		HideSolutionNode = FALSE
	EndGlobalSection
	GlobalSection(ExtensibilityGlobals) = postSolution
		SolutionGuid = {81B5F95E-0F9D-4673-BAAD-C0D062124181}
	EndGlobalSection
EndGlobal
